{
  "name": "gitter-web-client-error-reporting",
  "version": "1.0.0",
  "lockfileVersion": 1,
  "requires": true,
  "dependencies": {
    "raven-js": {
      "version": "3.24.2",
      "resolved": "https://registry.npmjs.org/raven-js/-/raven-js-3.24.2.tgz",
      "integrity": "sha512-Dy/FHDxuo5pXywVf8Nrs5utB2juMATpkxWGqHjVbpFD3m8CaWYLvkB5SEXjWFUZ5GvUsrBVVQ+Dfcp0x6Z7SOg=="
    }
  }
}
